
Microsoft Visual Studio Solution File, Format Version 12.00
# Visual Studio Version 17
VisualStudioVersion = 17.10.35004.147
MinimumVisualStudioVersion = 10.0.40219.1
Project("{FAE04EC0-301F-11D3-BF4B-00C04F79EFBC}") = "HadiShop", "HadiShop\HadiShop.csproj", "{15C92483-80F9-4E4E-84EE-A386AF0111F4}"
EndProject
Global
	GlobalSection(SolutionConfigurationPlatforms) = preSolution
		Debug|Any CPU = Debug|Any CPU
		Release|Any CPU = Release|Any CPU
	EndGlobalSection
	GlobalSection(ProjectConfigurationPlatforms) = postSolution
		{15C92483-80F9-4E4E-84EE-A386AF0111F4}.Debug|Any CPU.ActiveCfg = Debug|Any CPU
		{15C92483-80F9-4E4E-84EE-A386AF0111F4}.Debug|Any CPU.Build.0 = Debug|Any CPU
		{15C92483-80F9-4E4E-84EE-A386AF0111F4}.Release|Any CPU.ActiveCfg = Release|Any CPU
		{15C92483-80F9-4E4E-84EE-A386AF0111F4}.Release|Any CPU.Build.0 = Release|Any CPU
	EndGlobalSection
	GlobalSection(SolutionProperties) = preSolution
		HideSolutionNode = FALSE
	EndGlobalSection
	GlobalSection(ExtensibilityGlobals) = postSolution
		SolutionGuid = {28F36E46-50B9-4AD8-9F42-9323440DD57C}
	EndGlobalSection
EndGlobal
